<?xml version="1.0" encoding="UTF-8"?>
<CONFIG>
  <ProjectOptions>
    <Version Value="9"/>
    <General>
      <SessionStorage Value="InProjectDir"/>
      <MainUnit Value="0"/>
      <Title Value="Launcher"/>
      <ResourceType Value="res"/>
      <UseXPManifest Value="True"/>
      <Icon Value="0"/>
    </General>
    <i18n>
      <EnableI18N LFM="False"/>
    </i18n>
    <VersionInfo>
      <StringTable ProductVersion=""/>
    </VersionInfo>
    <BuildModes Count="2">
      <Item1 Name="Release" Default="True"/>
      <Item2 Name="Debug">
        <CompilerOptions>
          <Version Value="11"/>
          <Target>
            <Filename Value="Launcher"/>
          </Target>
          <SearchPaths>
            <IncludeFiles Value="$(ProjOutDir)"/>
            <OtherUnitFiles Value="../Editor;VtkLazarus1.4;VtkLazarus1.4/lib;monitor"/>
            <UnitOutputDirectory Value="lib/$(TargetCPU)-$(TargetOS)"/>
          </SearchPaths>
          <Linking>
            <Debugging>
              <StripSymbols Value="True"/>
            </Debugging>
            <LinkSmart Value="True"/>
            <Options>
              <Win32>
                <GraphicApplication Value="True"/>
              </Win32>
            </Options>
          </Linking>
        </CompilerOptions>
      </Item2>
    </BuildModes>
    <PublishOptions>
      <Version Value="2"/>
    </PublishOptions>
    <RunParams>
      <local>
        <FormatVersion Value="1"/>
      </local>
    </RunParams>
    <RequiredPackages Count="6">
      <Item1>
        <PackageName Value="RunTimeTypeInfoControls"/>
      </Item1>
      <Item2>
        <PackageName Value="TurboPowerIPro"/>
      </Item2>
      <Item3>
        <PackageName Value="TAChartLazarusPkg"/>
      </Item3>
      <Item4>
        <PackageName Value="AggPasLCL"/>
      </Item4>
      <Item5>
        <PackageName Value="SynEdit"/>
      </Item5>
      <Item6>
        <PackageName Value="LCL"/>
      </Item6>
    </RequiredPackages>
    <Units Count="26">
      <Unit0>
        <Filename Value="Launcher.lpr"/>
        <IsPartOfProject Value="True"/>
      </Unit0>
      <Unit1>
        <Filename Value="unit1.pas"/>
        <IsPartOfProject Value="True"/>
        <ComponentName Value="Form1"/>
        <HasResources Value="True"/>
        <ResourceBaseClass Value="Form"/>
        <UnitName Value="Unit1"/>
      </Unit1>
      <Unit2>
        <Filename Value="unit3.pas"/>
        <IsPartOfProject Value="True"/>
        <ComponentName Value="Form3"/>
        <HasResources Value="True"/>
        <ResourceBaseClass Value="Form"/>
        <UnitName Value="Unit3"/>
      </Unit2>
      <Unit3>
        <Filename Value="unit4.pas"/>
        <IsPartOfProject Value="True"/>
        <ComponentName Value="Form4"/>
        <HasResources Value="True"/>
        <ResourceBaseClass Value="Form"/>
        <UnitName Value="Unit4"/>
      </Unit3>
      <Unit4>
        <Filename Value="unit5.pas"/>
        <IsPartOfProject Value="True"/>
        <ComponentName Value="Form5"/>
        <HasResources Value="True"/>
        <ResourceBaseClass Value="Form"/>
        <UnitName Value="Unit5"/>
      </Unit4>
      <Unit5>
        <Filename Value="commonunit.pas"/>
        <IsPartOfProject Value="True"/>
      </Unit5>
      <Unit6>
        <Filename Value="fillfls.pas"/>
        <IsPartOfProject Value="True"/>
      </Unit6>
      <Unit7>
        <Filename Value="../Editor/umain.lfm"/>
        <IsPartOfProject Value="True"/>
      </Unit7>
      <Unit8>
        <Filename Value="uhighliter.pas"/>
        <IsPartOfProject Value="True"/>
        <UnitName Value="uHighliter"/>
      </Unit8>
      <Unit9>
        <Filename Value="umain.pas"/>
        <IsPartOfProject Value="True"/>
        <ComponentName Value="FrMain"/>
        <HasResources Value="True"/>
        <ResourceBaseClass Value="Form"/>
        <UnitName Value="uMain"/>
      </Unit9>
      <Unit10>
        <Filename Value="InpEditor.lpr"/>
        <IsPartOfProject Value="True"/>
      </Unit10>
      <Unit11>
        <Filename Value="ufiletransform.pas"/>
        <IsPartOfProject Value="True"/>
        <UnitName Value="uFileTransform"/>
      </Unit11>
      <Unit12>
        <Filename Value="usettings.pas"/>
        <IsPartOfProject Value="True"/>
        <UnitName Value="uSettings"/>
      </Unit12>
      <Unit13>
        <Filename Value="usummator.pas"/>
        <IsPartOfProject Value="True"/>
        <UnitName Value="uSummator"/>
      </Unit13>
      <Unit14>
        <Filename Value="ugraph.pas"/>
        <IsPartOfProject Value="True"/>
        <ComponentName Value="FrmGraph"/>
        <HasResources Value="True"/>
        <ResourceBaseClass Value="Form"/>
        <UnitName Value="uGraph"/>
      </Unit14>
      <Unit15>
        <Filename Value="ugraph.lfm"/>
        <IsPartOfProject Value="True"/>
      </Unit15>
      <Unit16>
        <Filename Value="urender.pas"/>
        <IsPartOfProject Value="True"/>
        <UnitName Value="uRender"/>
      </Unit16>
      <Unit17>
        <Filename Value="umathparser.pas"/>
        <IsPartOfProject Value="True"/>
        <UnitName Value="uMathParser"/>
      </Unit17>
      <Unit18>
        <Filename Value="VtkLazarus1.4/uvtkpost.pas"/>
        <IsPartOfProject Value="True"/>
        <ComponentName Value="FrmVtkpost"/>
        <HasResources Value="True"/>
        <ResourceBaseClass Value="Form"/>
        <UnitName Value="uVtkpost"/>
      </Unit18>
      <Unit19>
        <Filename Value="VtkLazarus1.4/uvtkpost.lfm"/>
        <IsPartOfProject Value="True"/>
      </Unit19>
      <Unit20>
        <Filename Value="VtkLazarus1.4/lib/ueigval.pas"/>
        <IsPartOfProject Value="True"/>
      </Unit20>
      <Unit21>
        <Filename Value="monitor/umonitor.pas"/>
        <IsPartOfProject Value="True"/>
        <UnitName Value="uMonitor"/>
      </Unit21>
      <Unit22>
        <Filename Value="monitor/ufrmmonitor.pas"/>
        <IsPartOfProject Value="True"/>
        <ComponentName Value="FrmMonitor"/>
        <HasResources Value="True"/>
        <ResourceBaseClass Value="Form"/>
        <UnitName Value="uFrmMonitor"/>
      </Unit22>
      <Unit23>
        <Filename Value="monitor/udatstat.pas"/>
        <IsPartOfProject Value="True"/>
        <ComponentName Value="FrmDatStat"/>
        <ResourceBaseClass Value="Form"/>
        <UnitName Value="uDatStat"/>
      </Unit23>
      <Unit24>
        <Filename Value="monitor/uchartcursors.pas"/>
        <IsPartOfProject Value="True"/>
        <UnitName Value="uChartCursors"/>
      </Unit24>
      <Unit25>
        <Filename Value="uhelptools.pas"/>
        <IsPartOfProject Value="True"/>
        <UnitName Value="uHelpTools"/>
      </Unit25>
    </Units>
  </ProjectOptions>
  <CompilerOptions>
    <Version Value="11"/>
    <Target>
      <Filename Value="Launcher"/>
    </Target>
    <SearchPaths>
      <IncludeFiles Value="$(ProjOutDir)"/>
      <OtherUnitFiles Value="../Editor;VtkLazarus1.4;VtkLazarus1.4/lib;monitor"/>
      <UnitOutputDirectory Value="lib/$(TargetCPU)-$(TargetOS)"/>
    </SearchPaths>
    <Linking>
      <Debugging>
        <GenerateDebugInfo Value="False"/>
        <StripSymbols Value="True"/>
      </Debugging>
      <LinkSmart Value="True"/>
      <Options>
        <Win32>
          <GraphicApplication Value="True"/>
        </Win32>
      </Options>
    </Linking>
  </CompilerOptions>
  <Debugging>
    <Exceptions Count="3">
      <Item1>
        <Name Value="EAbort"/>
      </Item1>
      <Item2>
        <Name Value="ECodetoolError"/>
      </Item2>
      <Item3>
        <Name Value="EFOpenError"/>
      </Item3>
    </Exceptions>
  </Debugging>
</CONFIG>
